
Microsoft Visual Studio Solution File, Format Version 12.00
# Visual Studio 15
VisualStudioVersion = 15.0.26430.13
MinimumVisualStudioVersion = 10.0.40219.1
Project("{2150E333-8FDC-42A3-9474-1A3956D46DE8}") = ".nuget", ".nuget", "{DFA48E27-7D53-4955-A722-3D91A7119BE7}"
	ProjectSection(SolutionItems) = preProject
		.nuget\NuGet.Config = .nuget\NuGet.Config
		.nuget\NuGet.exe = .nuget\NuGet.exe
		.nuget\NuGet.targets = .nuget\NuGet.targets
	EndProjectSection
EndProject
Project("{FAE04EC0-301F-11D3-BF4B-00C04F79EFBC}") = "Cis.Mr.Core", "Cis.Mr.Core\Cis.Mr.Core.csproj", "{17298EA0-AF73-4F30-B6F1-2066100D7D74}"
EndProject
Project("{FAE04EC0-301F-11D3-BF4B-00C04F79EFBC}") = "Cis.Mr.Application", "Cis.Mr.Application\Cis.Mr.Application.csproj", "{EDF5D964-4C0F-4F19-B674-58A38A5E5401}"
EndProject
Project("{FAE04EC0-301F-11D3-BF4B-00C04F79EFBC}") = "Cis.Mr.EntityFramework", "Cis.Mr.EntityFramework\Cis.Mr.EntityFramework.csproj", "{3979F157-DEB0-4878-AB1D-4CEF6B5A1300}"
EndProject
Project("{FAE04EC0-301F-11D3-BF4B-00C04F79EFBC}") = "Cis.Mr.Web", "Cis.Mr.Web\Cis.Mr.Web.csproj", "{897F6FD8-6F90-48E4-95A5-B4429B896205}"
EndProject
Project("{FAE04EC0-301F-11D3-BF4B-00C04F79EFBC}") = "Cis.Mr.WebApi", "Cis.Mr.WebApi\Cis.Mr.WebApi.csproj", "{5EB52D3D-09FD-463A-B02A-8D9856BD3724}"
EndProject
Project("{2150E333-8FDC-42A3-9474-1A3956D46DE8}") = "Test", "Test", "{7E85C7E5-70BD-4C9D-B052-D95955F46609}"
EndProject
Project("{FAE04EC0-301F-11D3-BF4B-00C04F79EFBC}") = "Cis.Mr.Tests", "Tests\Cis.Mr.Tests\Cis.Mr.Tests.csproj", "{C602C47E-F379-40A3-A146-4F19105B3491}"
EndProject
Project("{2150E333-8FDC-42A3-9474-1A3956D46DE8}") = "Tools", "Tools", "{7408541C-F99C-4197-B203-136115BD1CB9}"
EndProject
Project("{FAE04EC0-301F-11D3-BF4B-00C04F79EFBC}") = "Cis.Mr.Migrator", "Tools\Cis.Mr.Migrator\Cis.Mr.Migrator.csproj", "{6F98C2F2-898A-421B-BE3D-68FE69EC0646}"
EndProject
Project("{2150E333-8FDC-42A3-9474-1A3956D46DE8}") = "Abp", "Abp", "{A3DF0FBD-FB11-4147-AC16-891451C95834}"
EndProject
Project("{9A19103F-16F7-4668-BE54-9A1E7A4F7556}") = "Abp", "..\aspnetboilerplate-2.0.2\src\Abp\Abp.csproj", "{5B207EC0-F432-473F-8019-9437F6C09D40}"
EndProject
Project("{9A19103F-16F7-4668-BE54-9A1E7A4F7556}") = "Abp.AspNetCore", "..\aspnetboilerplate-2.0.2\src\Abp.AspNetCore\Abp.AspNetCore.csproj", "{D81E6042-27A0-43ED-A4B4-2D5D54C48BA3}"
EndProject
Project("{9A19103F-16F7-4668-BE54-9A1E7A4F7556}") = "Abp.AutoMapper", "..\aspnetboilerplate-2.0.2\src\Abp.AutoMapper\Abp.AutoMapper.csproj", "{6E108C9A-A874-4D7E-93FB-AD25A32A6EA6}"
EndProject
Project("{9A19103F-16F7-4668-BE54-9A1E7A4F7556}") = "Abp.Castle.Log4Net", "..\aspnetboilerplate-2.0.2\src\Abp.Castle.Log4Net\Abp.Castle.Log4Net.csproj", "{864051E3-7A7A-45C1-902D-49C25BAEBC26}"
EndProject
Project("{9A19103F-16F7-4668-BE54-9A1E7A4F7556}") = "Abp.Dapper", "..\aspnetboilerplate-2.0.2\src\Abp.Dapper\Abp.Dapper.csproj", "{C4084360-F95D-4429-B730-847A72F4F0B0}"
EndProject
Project("{9A19103F-16F7-4668-BE54-9A1E7A4F7556}") = "Abp.EntityFramework", "..\aspnetboilerplate-2.0.2\src\Abp.EntityFramework\Abp.EntityFramework.csproj", "{E5543474-2FFB-4B56-A843-A1E0F6B352BF}"
EndProject
Project("{9A19103F-16F7-4668-BE54-9A1E7A4F7556}") = "Abp.EntityFramework.Common", "..\aspnetboilerplate-2.0.2\src\Abp.EntityFramework.Common\Abp.EntityFramework.Common.csproj", "{1599C5BC-4F35-4127-A076-90A7F3770DE0}"
EndProject
Project("{9A19103F-16F7-4668-BE54-9A1E7A4F7556}") = "Abp.EntityFramework.GraphDiff", "..\aspnetboilerplate-2.0.2\src\Abp.EntityFramework.GraphDiff\Abp.EntityFramework.GraphDiff.csproj", "{1E9AF696-7F00-40CF-8DCE-CA840F23BB92}"
EndProject
Project("{9A19103F-16F7-4668-BE54-9A1E7A4F7556}") = "Abp.EntityFrameworkCore", "..\aspnetboilerplate-2.0.2\src\Abp.EntityFrameworkCore\Abp.EntityFrameworkCore.csproj", "{1CED8ABE-AC3B-4316-8370-8DC879FDBDA3}"
EndProject
Project("{9A19103F-16F7-4668-BE54-9A1E7A4F7556}") = "Abp.FluentMigrator", "..\aspnetboilerplate-2.0.2\src\Abp.FluentMigrator\Abp.FluentMigrator.csproj", "{E1815FF9-191C-4A7A-B2DF-43DDF3657F27}"
EndProject
Project("{9A19103F-16F7-4668-BE54-9A1E7A4F7556}") = "Abp.HangFire", "..\aspnetboilerplate-2.0.2\src\Abp.HangFire\Abp.HangFire.csproj", "{63D38A01-D4D8-4380-BECB-77FBA53EFCB5}"
EndProject
Project("{9A19103F-16F7-4668-BE54-9A1E7A4F7556}") = "Abp.HangFire.AspNetCore", "..\aspnetboilerplate-2.0.2\src\Abp.HangFire.AspNetCore\Abp.HangFire.AspNetCore.csproj", "{83CF6503-B9D5-4203-B46E-3130B11DD8F6}"
EndProject
Project("{9A19103F-16F7-4668-BE54-9A1E7A4F7556}") = "Abp.MailKit", "..\aspnetboilerplate-2.0.2\src\Abp.MailKit\Abp.MailKit.csproj", "{C2D9B472-1F90-44A4-A06B-D5D60F92AA21}"
EndProject
Project("{9A19103F-16F7-4668-BE54-9A1E7A4F7556}") = "Abp.MemoryDb", "..\aspnetboilerplate-2.0.2\src\Abp.MemoryDb\Abp.MemoryDb.csproj", "{8711DA51-5355-4CFE-9855-91534DAC3F3E}"
EndProject
Project("{9A19103F-16F7-4668-BE54-9A1E7A4F7556}") = "Abp.MongoDB", "..\aspnetboilerplate-2.0.2\src\Abp.MongoDB\Abp.MongoDB.csproj", "{00B80705-1146-4FAF-8CDD-8960888CE334}"
EndProject
Project("{9A19103F-16F7-4668-BE54-9A1E7A4F7556}") = "Abp.NHibernate", "..\aspnetboilerplate-2.0.2\src\Abp.NHibernate\Abp.NHibernate.csproj", "{33E49D09-EA94-490C-B8F4-DE1AE46B1651}"
EndProject
Project("{9A19103F-16F7-4668-BE54-9A1E7A4F7556}") = "Abp.Owin", "..\aspnetboilerplate-2.0.2\src\Abp.Owin\Abp.Owin.csproj", "{5F876B9F-F33E-476F-B0E8-E0DD5C2593B0}"
EndProject
Project("{9A19103F-16F7-4668-BE54-9A1E7A4F7556}") = "Abp.Quartz", "..\aspnetboilerplate-2.0.2\src\Abp.Quartz\Abp.Quartz.csproj", "{BF018FCE-9282-4C2F-89E9-4365AE61AE94}"
EndProject
Project("{9A19103F-16F7-4668-BE54-9A1E7A4F7556}") = "Abp.RedisCache", "..\aspnetboilerplate-2.0.2\src\Abp.RedisCache\Abp.RedisCache.csproj", "{91FD85FA-5342-4D80-9271-9CC68F89B5CB}"
EndProject
Project("{9A19103F-16F7-4668-BE54-9A1E7A4F7556}") = "Abp.RedisCache.ProtoBuf", "..\aspnetboilerplate-2.0.2\src\Abp.RedisCache.ProtoBuf\Abp.RedisCache.ProtoBuf.csproj", "{916E9ACB-633A-4BB9-9DA1-31D908B1A490}"
EndProject
Project("{9A19103F-16F7-4668-BE54-9A1E7A4F7556}") = "Abp.TestBase", "..\aspnetboilerplate-2.0.2\src\Abp.TestBase\Abp.TestBase.csproj", "{9F8D2B85-C069-4C95-AEFC-8826A6326111}"
EndProject
Project("{9A19103F-16F7-4668-BE54-9A1E7A4F7556}") = "Abp.Web", "..\aspnetboilerplate-2.0.2\src\Abp.Web\Abp.Web.csproj", "{A102BFCF-93F0-4808-9478-A4BD80BCBC00}"
EndProject
Project("{9A19103F-16F7-4668-BE54-9A1E7A4F7556}") = "Abp.Web.Api", "..\aspnetboilerplate-2.0.2\src\Abp.Web.Api\Abp.Web.Api.csproj", "{BC01E324-478A-4336-87FC-3E1030DFE10B}"
EndProject
Project("{9A19103F-16F7-4668-BE54-9A1E7A4F7556}") = "Abp.Web.Api.OData", "..\aspnetboilerplate-2.0.2\src\Abp.Web.Api.OData\Abp.Web.Api.OData.csproj", "{B41D4215-352A-45A3-97E5-201497E344AC}"
EndProject
Project("{9A19103F-16F7-4668-BE54-9A1E7A4F7556}") = "Abp.Web.Common", "..\aspnetboilerplate-2.0.2\src\Abp.Web.Common\Abp.Web.Common.csproj", "{D5432902-E59D-4ED1-AECC-0712EACAE779}"
EndProject
Project("{9A19103F-16F7-4668-BE54-9A1E7A4F7556}") = "Abp.Web.Mvc", "..\aspnetboilerplate-2.0.2\src\Abp.Web.Mvc\Abp.Web.Mvc.csproj", "{6326EA38-7C05-4CDB-BBFC-802178528A44}"
EndProject
Project("{9A19103F-16F7-4668-BE54-9A1E7A4F7556}") = "Abp.Web.Resources", "..\aspnetboilerplate-2.0.2\src\Abp.Web.Resources\Abp.Web.Resources.csproj", "{837AADDC-4F8F-4AB6-97DC-7E0CE6253C6A}"
EndProject
Project("{9A19103F-16F7-4668-BE54-9A1E7A4F7556}") = "Abp.Web.SignalR", "..\aspnetboilerplate-2.0.2\src\Abp.Web.SignalR\Abp.Web.SignalR.csproj", "{A23DF6E8-858C-466F-86AF-9F8A983EA6B9}"
EndProject
Project("{2150E333-8FDC-42A3-9474-1A3956D46DE8}") = "AbpZero", "AbpZero", "{3EB9B578-58DA-421C-A48E-3961FCFF4BBA}"
EndProject
Project("{9A19103F-16F7-4668-BE54-9A1E7A4F7556}") = "Abp.Zero", "..\module-zero-2.0.2\src\Abp.Zero\Abp.Zero.csproj", "{0E54F2CE-2A78-4849-92B6-9925836FF500}"
EndProject
Project("{9A19103F-16F7-4668-BE54-9A1E7A4F7556}") = "Abp.Zero.Common", "..\module-zero-2.0.2\src\Abp.Zero.Common\Abp.Zero.Common.csproj", "{DD54C8CE-3A16-402F-9EF2-0C055119BEC4}"
EndProject
Project("{9A19103F-16F7-4668-BE54-9A1E7A4F7556}") = "Abp.Zero.EntityFramework", "..\module-zero-2.0.2\src\Abp.Zero.EntityFramework\Abp.Zero.EntityFramework.csproj", "{C35DF8B2-1E42-4195-8B87-B3F0F1B8E6DE}"
EndProject
Global
	GlobalSection(SolutionConfigurationPlatforms) = preSolution
		Debug|Any CPU = Debug|Any CPU
		Release|Any CPU = Release|Any CPU
	EndGlobalSection
	GlobalSection(ProjectConfigurationPlatforms) = postSolution
		{17298EA0-AF73-4F30-B6F1-2066100D7D74}.Debug|Any CPU.ActiveCfg = Debug|Any CPU
		{17298EA0-AF73-4F30-B6F1-2066100D7D74}.Debug|Any CPU.Build.0 = Debug|Any CPU
		{17298EA0-AF73-4F30-B6F1-2066100D7D74}.Release|Any CPU.ActiveCfg = Release|Any CPU
		{17298EA0-AF73-4F30-B6F1-2066100D7D74}.Release|Any CPU.Build.0 = Release|Any CPU
		{EDF5D964-4C0F-4F19-B674-58A38A5E5401}.Debug|Any CPU.ActiveCfg = Debug|Any CPU
		{EDF5D964-4C0F-4F19-B674-58A38A5E5401}.Debug|Any CPU.Build.0 = Debug|Any CPU
		{EDF5D964-4C0F-4F19-B674-58A38A5E5401}.Release|Any CPU.ActiveCfg = Release|Any CPU
		{EDF5D964-4C0F-4F19-B674-58A38A5E5401}.Release|Any CPU.Build.0 = Release|Any CPU
		{3979F157-DEB0-4878-AB1D-4CEF6B5A1300}.Debug|Any CPU.ActiveCfg = Debug|Any CPU
		{3979F157-DEB0-4878-AB1D-4CEF6B5A1300}.Debug|Any CPU.Build.0 = Debug|Any CPU
		{3979F157-DEB0-4878-AB1D-4CEF6B5A1300}.Release|Any CPU.ActiveCfg = Release|Any CPU
		{3979F157-DEB0-4878-AB1D-4CEF6B5A1300}.Release|Any CPU.Build.0 = Release|Any CPU
		{897F6FD8-6F90-48E4-95A5-B4429B896205}.Debug|Any CPU.ActiveCfg = Debug|Any CPU
		{897F6FD8-6F90-48E4-95A5-B4429B896205}.Debug|Any CPU.Build.0 = Debug|Any CPU
		{897F6FD8-6F90-48E4-95A5-B4429B896205}.Release|Any CPU.ActiveCfg = Release|Any CPU
		{897F6FD8-6F90-48E4-95A5-B4429B896205}.Release|Any CPU.Build.0 = Release|Any CPU
		{5EB52D3D-09FD-463A-B02A-8D9856BD3724}.Debug|Any CPU.ActiveCfg = Debug|Any CPU
		{5EB52D3D-09FD-463A-B02A-8D9856BD3724}.Debug|Any CPU.Build.0 = Debug|Any CPU
		{5EB52D3D-09FD-463A-B02A-8D9856BD3724}.Release|Any CPU.ActiveCfg = Release|Any CPU
		{5EB52D3D-09FD-463A-B02A-8D9856BD3724}.Release|Any CPU.Build.0 = Release|Any CPU
		{C602C47E-F379-40A3-A146-4F19105B3491}.Debug|Any CPU.ActiveCfg = Debug|Any CPU
		{C602C47E-F379-40A3-A146-4F19105B3491}.Debug|Any CPU.Build.0 = Debug|Any CPU
		{C602C47E-F379-40A3-A146-4F19105B3491}.Release|Any CPU.ActiveCfg = Release|Any CPU
		{C602C47E-F379-40A3-A146-4F19105B3491}.Release|Any CPU.Build.0 = Release|Any CPU
		{6F98C2F2-898A-421B-BE3D-68FE69EC0646}.Debug|Any CPU.ActiveCfg = Debug|Any CPU
		{6F98C2F2-898A-421B-BE3D-68FE69EC0646}.Debug|Any CPU.Build.0 = Debug|Any CPU
		{6F98C2F2-898A-421B-BE3D-68FE69EC0646}.Release|Any CPU.ActiveCfg = Release|Any CPU
		{6F98C2F2-898A-421B-BE3D-68FE69EC0646}.Release|Any CPU.Build.0 = Release|Any CPU
		{5B207EC0-F432-473F-8019-9437F6C09D40}.Debug|Any CPU.ActiveCfg = Debug|Any CPU
		{5B207EC0-F432-473F-8019-9437F6C09D40}.Debug|Any CPU.Build.0 = Debug|Any CPU
		{5B207EC0-F432-473F-8019-9437F6C09D40}.Release|Any CPU.ActiveCfg = Release|Any CPU
		{5B207EC0-F432-473F-8019-9437F6C09D40}.Release|Any CPU.Build.0 = Release|Any CPU
		{D81E6042-27A0-43ED-A4B4-2D5D54C48BA3}.Debug|Any CPU.ActiveCfg = Debug|Any CPU
		{D81E6042-27A0-43ED-A4B4-2D5D54C48BA3}.Debug|Any CPU.Build.0 = Debug|Any CPU
		{D81E6042-27A0-43ED-A4B4-2D5D54C48BA3}.Release|Any CPU.ActiveCfg = Release|Any CPU
		{D81E6042-27A0-43ED-A4B4-2D5D54C48BA3}.Release|Any CPU.Build.0 = Release|Any CPU
		{6E108C9A-A874-4D7E-93FB-AD25A32A6EA6}.Debug|Any CPU.ActiveCfg = Debug|Any CPU
		{6E108C9A-A874-4D7E-93FB-AD25A32A6EA6}.Debug|Any CPU.Build.0 = Debug|Any CPU
		{6E108C9A-A874-4D7E-93FB-AD25A32A6EA6}.Release|Any CPU.ActiveCfg = Release|Any CPU
		{6E108C9A-A874-4D7E-93FB-AD25A32A6EA6}.Release|Any CPU.Build.0 = Release|Any CPU
		{864051E3-7A7A-45C1-902D-49C25BAEBC26}.Debug|Any CPU.ActiveCfg = Debug|Any CPU
		{864051E3-7A7A-45C1-902D-49C25BAEBC26}.Debug|Any CPU.Build.0 = Debug|Any CPU
		{864051E3-7A7A-45C1-902D-49C25BAEBC26}.Release|Any CPU.ActiveCfg = Release|Any CPU
		{864051E3-7A7A-45C1-902D-49C25BAEBC26}.Release|Any CPU.Build.0 = Release|Any CPU
		{C4084360-F95D-4429-B730-847A72F4F0B0}.Debug|Any CPU.ActiveCfg = Debug|Any CPU
		{C4084360-F95D-4429-B730-847A72F4F0B0}.Debug|Any CPU.Build.0 = Debug|Any CPU
		{C4084360-F95D-4429-B730-847A72F4F0B0}.Release|Any CPU.ActiveCfg = Release|Any CPU
		{C4084360-F95D-4429-B730-847A72F4F0B0}.Release|Any CPU.Build.0 = Release|Any CPU
		{E5543474-2FFB-4B56-A843-A1E0F6B352BF}.Debug|Any CPU.ActiveCfg = Debug|Any CPU
		{E5543474-2FFB-4B56-A843-A1E0F6B352BF}.Debug|Any CPU.Build.0 = Debug|Any CPU
		{E5543474-2FFB-4B56-A843-A1E0F6B352BF}.Release|Any CPU.ActiveCfg = Release|Any CPU
		{E5543474-2FFB-4B56-A843-A1E0F6B352BF}.Release|Any CPU.Build.0 = Release|Any CPU
		{1599C5BC-4F35-4127-A076-90A7F3770DE0}.Debug|Any CPU.ActiveCfg = Debug|Any CPU
		{1599C5BC-4F35-4127-A076-90A7F3770DE0}.Debug|Any CPU.Build.0 = Debug|Any CPU
		{1599C5BC-4F35-4127-A076-90A7F3770DE0}.Release|Any CPU.ActiveCfg = Release|Any CPU
		{1599C5BC-4F35-4127-A076-90A7F3770DE0}.Release|Any CPU.Build.0 = Release|Any CPU
		{1E9AF696-7F00-40CF-8DCE-CA840F23BB92}.Debug|Any CPU.ActiveCfg = Debug|Any CPU
		{1E9AF696-7F00-40CF-8DCE-CA840F23BB92}.Debug|Any CPU.Build.0 = Debug|Any CPU
		{1E9AF696-7F00-40CF-8DCE-CA840F23BB92}.Release|Any CPU.ActiveCfg = Release|Any CPU
		{1E9AF696-7F00-40CF-8DCE-CA840F23BB92}.Release|Any CPU.Build.0 = Release|Any CPU
		{1CED8ABE-AC3B-4316-8370-8DC879FDBDA3}.Debug|Any CPU.ActiveCfg = Debug|Any CPU
		{1CED8ABE-AC3B-4316-8370-8DC879FDBDA3}.Debug|Any CPU.Build.0 = Debug|Any CPU
		{1CED8ABE-AC3B-4316-8370-8DC879FDBDA3}.Release|Any CPU.ActiveCfg = Release|Any CPU
		{1CED8ABE-AC3B-4316-8370-8DC879FDBDA3}.Release|Any CPU.Build.0 = Release|Any CPU
		{E1815FF9-191C-4A7A-B2DF-43DDF3657F27}.Debug|Any CPU.ActiveCfg = Debug|Any CPU
		{E1815FF9-191C-4A7A-B2DF-43DDF3657F27}.Debug|Any CPU.Build.0 = Debug|Any CPU
		{E1815FF9-191C-4A7A-B2DF-43DDF3657F27}.Release|Any CPU.ActiveCfg = Release|Any CPU
		{E1815FF9-191C-4A7A-B2DF-43DDF3657F27}.Release|Any CPU.Build.0 = Release|Any CPU
		{63D38A01-D4D8-4380-BECB-77FBA53EFCB5}.Debug|Any CPU.ActiveCfg = Debug|Any CPU
		{63D38A01-D4D8-4380-BECB-77FBA53EFCB5}.Debug|Any CPU.Build.0 = Debug|Any CPU
		{63D38A01-D4D8-4380-BECB-77FBA53EFCB5}.Release|Any CPU.ActiveCfg = Release|Any CPU
		{63D38A01-D4D8-4380-BECB-77FBA53EFCB5}.Release|Any CPU.Build.0 = Release|Any CPU
		{83CF6503-B9D5-4203-B46E-3130B11DD8F6}.Debug|Any CPU.ActiveCfg = Debug|Any CPU
		{83CF6503-B9D5-4203-B46E-3130B11DD8F6}.Debug|Any CPU.Build.0 = Debug|Any CPU
		{83CF6503-B9D5-4203-B46E-3130B11DD8F6}.Release|Any CPU.ActiveCfg = Release|Any CPU
		{83CF6503-B9D5-4203-B46E-3130B11DD8F6}.Release|Any CPU.Build.0 = Release|Any CPU
		{C2D9B472-1F90-44A4-A06B-D5D60F92AA21}.Debug|Any CPU.ActiveCfg = Debug|Any CPU
		{C2D9B472-1F90-44A4-A06B-D5D60F92AA21}.Debug|Any CPU.Build.0 = Debug|Any CPU
		{C2D9B472-1F90-44A4-A06B-D5D60F92AA21}.Release|Any CPU.ActiveCfg = Release|Any CPU
		{C2D9B472-1F90-44A4-A06B-D5D60F92AA21}.Release|Any CPU.Build.0 = Release|Any CPU
		{8711DA51-5355-4CFE-9855-91534DAC3F3E}.Debug|Any CPU.ActiveCfg = Debug|Any CPU
		{8711DA51-5355-4CFE-9855-91534DAC3F3E}.Debug|Any CPU.Build.0 = Debug|Any CPU
		{8711DA51-5355-4CFE-9855-91534DAC3F3E}.Release|Any CPU.ActiveCfg = Release|Any CPU
		{8711DA51-5355-4CFE-9855-91534DAC3F3E}.Release|Any CPU.Build.0 = Release|Any CPU
		{00B80705-1146-4FAF-8CDD-8960888CE334}.Debug|Any CPU.ActiveCfg = Debug|Any CPU
		{00B80705-1146-4FAF-8CDD-8960888CE334}.Debug|Any CPU.Build.0 = Debug|Any CPU
		{00B80705-1146-4FAF-8CDD-8960888CE334}.Release|Any CPU.ActiveCfg = Release|Any CPU
		{00B80705-1146-4FAF-8CDD-8960888CE334}.Release|Any CPU.Build.0 = Release|Any CPU
		{33E49D09-EA94-490C-B8F4-DE1AE46B1651}.Debug|Any CPU.ActiveCfg = Debug|Any CPU
		{33E49D09-EA94-490C-B8F4-DE1AE46B1651}.Debug|Any CPU.Build.0 = Debug|Any CPU
		{33E49D09-EA94-490C-B8F4-DE1AE46B1651}.Release|Any CPU.ActiveCfg = Release|Any CPU
		{33E49D09-EA94-490C-B8F4-DE1AE46B1651}.Release|Any CPU.Build.0 = Release|Any CPU
		{5F876B9F-F33E-476F-B0E8-E0DD5C2593B0}.Debug|Any CPU.ActiveCfg = Debug|Any CPU
		{5F876B9F-F33E-476F-B0E8-E0DD5C2593B0}.Debug|Any CPU.Build.0 = Debug|Any CPU
		{5F876B9F-F33E-476F-B0E8-E0DD5C2593B0}.Release|Any CPU.ActiveCfg = Release|Any CPU
		{5F876B9F-F33E-476F-B0E8-E0DD5C2593B0}.Release|Any CPU.Build.0 = Release|Any CPU
		{BF018FCE-9282-4C2F-89E9-4365AE61AE94}.Debug|Any CPU.ActiveCfg = Debug|Any CPU
		{BF018FCE-9282-4C2F-89E9-4365AE61AE94}.Debug|Any CPU.Build.0 = Debug|Any CPU
		{BF018FCE-9282-4C2F-89E9-4365AE61AE94}.Release|Any CPU.ActiveCfg = Release|Any CPU
		{BF018FCE-9282-4C2F-89E9-4365AE61AE94}.Release|Any CPU.Build.0 = Release|Any CPU
		{91FD85FA-5342-4D80-9271-9CC68F89B5CB}.Debug|Any CPU.ActiveCfg = Debug|Any CPU
		{91FD85FA-5342-4D80-9271-9CC68F89B5CB}.Debug|Any CPU.Build.0 = Debug|Any CPU
		{91FD85FA-5342-4D80-9271-9CC68F89B5CB}.Release|Any CPU.ActiveCfg = Release|Any CPU
		{91FD85FA-5342-4D80-9271-9CC68F89B5CB}.Release|Any CPU.Build.0 = Release|Any CPU
		{916E9ACB-633A-4BB9-9DA1-31D908B1A490}.Debug|Any CPU.ActiveCfg = Debug|Any CPU
		{916E9ACB-633A-4BB9-9DA1-31D908B1A490}.Debug|Any CPU.Build.0 = Debug|Any CPU
		{916E9ACB-633A-4BB9-9DA1-31D908B1A490}.Release|Any CPU.ActiveCfg = Release|Any CPU
		{916E9ACB-633A-4BB9-9DA1-31D908B1A490}.Release|Any CPU.Build.0 = Release|Any CPU
		{9F8D2B85-C069-4C95-AEFC-8826A6326111}.Debug|Any CPU.ActiveCfg = Debug|Any CPU
		{9F8D2B85-C069-4C95-AEFC-8826A6326111}.Debug|Any CPU.Build.0 = Debug|Any CPU
		{9F8D2B85-C069-4C95-AEFC-8826A6326111}.Release|Any CPU.ActiveCfg = Release|Any CPU
		{9F8D2B85-C069-4C95-AEFC-8826A6326111}.Release|Any CPU.Build.0 = Release|Any CPU
		{A102BFCF-93F0-4808-9478-A4BD80BCBC00}.Debug|Any CPU.ActiveCfg = Debug|Any CPU
		{A102BFCF-93F0-4808-9478-A4BD80BCBC00}.Debug|Any CPU.Build.0 = Debug|Any CPU
		{A102BFCF-93F0-4808-9478-A4BD80BCBC00}.Release|Any CPU.ActiveCfg = Release|Any CPU
		{A102BFCF-93F0-4808-9478-A4BD80BCBC00}.Release|Any CPU.Build.0 = Release|Any CPU
		{BC01E324-478A-4336-87FC-3E1030DFE10B}.Debug|Any CPU.ActiveCfg = Debug|Any CPU
		{BC01E324-478A-4336-87FC-3E1030DFE10B}.Debug|Any CPU.Build.0 = Debug|Any CPU
		{BC01E324-478A-4336-87FC-3E1030DFE10B}.Release|Any CPU.ActiveCfg = Release|Any CPU
		{BC01E324-478A-4336-87FC-3E1030DFE10B}.Release|Any CPU.Build.0 = Release|Any CPU
		{B41D4215-352A-45A3-97E5-201497E344AC}.Debug|Any CPU.ActiveCfg = Debug|Any CPU
		{B41D4215-352A-45A3-97E5-201497E344AC}.Debug|Any CPU.Build.0 = Debug|Any CPU
		{B41D4215-352A-45A3-97E5-201497E344AC}.Release|Any CPU.ActiveCfg = Release|Any CPU
		{B41D4215-352A-45A3-97E5-201497E344AC}.Release|Any CPU.Build.0 = Release|Any CPU
		{D5432902-E59D-4ED1-AECC-0712EACAE779}.Debug|Any CPU.ActiveCfg = Debug|Any CPU
		{D5432902-E59D-4ED1-AECC-0712EACAE779}.Debug|Any CPU.Build.0 = Debug|Any CPU
		{D5432902-E59D-4ED1-AECC-0712EACAE779}.Release|Any CPU.ActiveCfg = Release|Any CPU
		{D5432902-E59D-4ED1-AECC-0712EACAE779}.Release|Any CPU.Build.0 = Release|Any CPU
		{6326EA38-7C05-4CDB-BBFC-802178528A44}.Debug|Any CPU.ActiveCfg = Debug|Any CPU
		{6326EA38-7C05-4CDB-BBFC-802178528A44}.Debug|Any CPU.Build.0 = Debug|Any CPU
		{6326EA38-7C05-4CDB-BBFC-802178528A44}.Release|Any CPU.ActiveCfg = Release|Any CPU
		{6326EA38-7C05-4CDB-BBFC-802178528A44}.Release|Any CPU.Build.0 = Release|Any CPU
		{837AADDC-4F8F-4AB6-97DC-7E0CE6253C6A}.Debug|Any CPU.ActiveCfg = Debug|Any CPU
		{837AADDC-4F8F-4AB6-97DC-7E0CE6253C6A}.Debug|Any CPU.Build.0 = Debug|Any CPU
		{837AADDC-4F8F-4AB6-97DC-7E0CE6253C6A}.Release|Any CPU.ActiveCfg = Release|Any CPU
		{837AADDC-4F8F-4AB6-97DC-7E0CE6253C6A}.Release|Any CPU.Build.0 = Release|Any CPU
		{A23DF6E8-858C-466F-86AF-9F8A983EA6B9}.Debug|Any CPU.ActiveCfg = Debug|Any CPU
		{A23DF6E8-858C-466F-86AF-9F8A983EA6B9}.Debug|Any CPU.Build.0 = Debug|Any CPU
		{A23DF6E8-858C-466F-86AF-9F8A983EA6B9}.Release|Any CPU.ActiveCfg = Release|Any CPU
		{A23DF6E8-858C-466F-86AF-9F8A983EA6B9}.Release|Any CPU.Build.0 = Release|Any CPU
		{0E54F2CE-2A78-4849-92B6-9925836FF500}.Debug|Any CPU.ActiveCfg = Debug|Any CPU
		{0E54F2CE-2A78-4849-92B6-9925836FF500}.Debug|Any CPU.Build.0 = Debug|Any CPU
		{0E54F2CE-2A78-4849-92B6-9925836FF500}.Release|Any CPU.ActiveCfg = Release|Any CPU
		{0E54F2CE-2A78-4849-92B6-9925836FF500}.Release|Any CPU.Build.0 = Release|Any CPU
		{DD54C8CE-3A16-402F-9EF2-0C055119BEC4}.Debug|Any CPU.ActiveCfg = Debug|Any CPU
		{DD54C8CE-3A16-402F-9EF2-0C055119BEC4}.Debug|Any CPU.Build.0 = Debug|Any CPU
		{DD54C8CE-3A16-402F-9EF2-0C055119BEC4}.Release|Any CPU.ActiveCfg = Release|Any CPU
		{DD54C8CE-3A16-402F-9EF2-0C055119BEC4}.Release|Any CPU.Build.0 = Release|Any CPU
		{C35DF8B2-1E42-4195-8B87-B3F0F1B8E6DE}.Debug|Any CPU.ActiveCfg = Debug|Any CPU
		{C35DF8B2-1E42-4195-8B87-B3F0F1B8E6DE}.Debug|Any CPU.Build.0 = Debug|Any CPU
		{C35DF8B2-1E42-4195-8B87-B3F0F1B8E6DE}.Release|Any CPU.ActiveCfg = Release|Any CPU
		{C35DF8B2-1E42-4195-8B87-B3F0F1B8E6DE}.Release|Any CPU.Build.0 = Release|Any CPU
	EndGlobalSection
	GlobalSection(SolutionProperties) = preSolution
		HideSolutionNode = FALSE
	EndGlobalSection
	GlobalSection(NestedProjects) = preSolution
		{C602C47E-F379-40A3-A146-4F19105B3491} = {7E85C7E5-70BD-4C9D-B052-D95955F46609}
		{6F98C2F2-898A-421B-BE3D-68FE69EC0646} = {7408541C-F99C-4197-B203-136115BD1CB9}
		{5B207EC0-F432-473F-8019-9437F6C09D40} = {A3DF0FBD-FB11-4147-AC16-891451C95834}
		{D81E6042-27A0-43ED-A4B4-2D5D54C48BA3} = {A3DF0FBD-FB11-4147-AC16-891451C95834}
		{6E108C9A-A874-4D7E-93FB-AD25A32A6EA6} = {A3DF0FBD-FB11-4147-AC16-891451C95834}
		{864051E3-7A7A-45C1-902D-49C25BAEBC26} = {A3DF0FBD-FB11-4147-AC16-891451C95834}
		{C4084360-F95D-4429-B730-847A72F4F0B0} = {A3DF0FBD-FB11-4147-AC16-891451C95834}
		{E5543474-2FFB-4B56-A843-A1E0F6B352BF} = {A3DF0FBD-FB11-4147-AC16-891451C95834}
		{1599C5BC-4F35-4127-A076-90A7F3770DE0} = {A3DF0FBD-FB11-4147-AC16-891451C95834}
		{1E9AF696-7F00-40CF-8DCE-CA840F23BB92} = {A3DF0FBD-FB11-4147-AC16-891451C95834}
		{1CED8ABE-AC3B-4316-8370-8DC879FDBDA3} = {A3DF0FBD-FB11-4147-AC16-891451C95834}
		{E1815FF9-191C-4A7A-B2DF-43DDF3657F27} = {A3DF0FBD-FB11-4147-AC16-891451C95834}
		{63D38A01-D4D8-4380-BECB-77FBA53EFCB5} = {A3DF0FBD-FB11-4147-AC16-891451C95834}
		{83CF6503-B9D5-4203-B46E-3130B11DD8F6} = {A3DF0FBD-FB11-4147-AC16-891451C95834}
		{C2D9B472-1F90-44A4-A06B-D5D60F92AA21} = {A3DF0FBD-FB11-4147-AC16-891451C95834}
		{8711DA51-5355-4CFE-9855-91534DAC3F3E} = {A3DF0FBD-FB11-4147-AC16-891451C95834}
		{00B80705-1146-4FAF-8CDD-8960888CE334} = {A3DF0FBD-FB11-4147-AC16-891451C95834}
		{33E49D09-EA94-490C-B8F4-DE1AE46B1651} = {A3DF0FBD-FB11-4147-AC16-891451C95834}
		{5F876B9F-F33E-476F-B0E8-E0DD5C2593B0} = {A3DF0FBD-FB11-4147-AC16-891451C95834}
		{BF018FCE-9282-4C2F-89E9-4365AE61AE94} = {A3DF0FBD-FB11-4147-AC16-891451C95834}
		{91FD85FA-5342-4D80-9271-9CC68F89B5CB} = {A3DF0FBD-FB11-4147-AC16-891451C95834}
		{916E9ACB-633A-4BB9-9DA1-31D908B1A490} = {A3DF0FBD-FB11-4147-AC16-891451C95834}
		{9F8D2B85-C069-4C95-AEFC-8826A6326111} = {A3DF0FBD-FB11-4147-AC16-891451C95834}
		{A102BFCF-93F0-4808-9478-A4BD80BCBC00} = {A3DF0FBD-FB11-4147-AC16-891451C95834}
		{BC01E324-478A-4336-87FC-3E1030DFE10B} = {A3DF0FBD-FB11-4147-AC16-891451C95834}
		{B41D4215-352A-45A3-97E5-201497E344AC} = {A3DF0FBD-FB11-4147-AC16-891451C95834}
		{D5432902-E59D-4ED1-AECC-0712EACAE779} = {A3DF0FBD-FB11-4147-AC16-891451C95834}
		{6326EA38-7C05-4CDB-BBFC-802178528A44} = {A3DF0FBD-FB11-4147-AC16-891451C95834}
		{837AADDC-4F8F-4AB6-97DC-7E0CE6253C6A} = {A3DF0FBD-FB11-4147-AC16-891451C95834}
		{A23DF6E8-858C-466F-86AF-9F8A983EA6B9} = {A3DF0FBD-FB11-4147-AC16-891451C95834}
		{0E54F2CE-2A78-4849-92B6-9925836FF500} = {3EB9B578-58DA-421C-A48E-3961FCFF4BBA}
		{DD54C8CE-3A16-402F-9EF2-0C055119BEC4} = {3EB9B578-58DA-421C-A48E-3961FCFF4BBA}
		{C35DF8B2-1E42-4195-8B87-B3F0F1B8E6DE} = {3EB9B578-58DA-421C-A48E-3961FCFF4BBA}
	EndGlobalSection
EndGlobal
