
Microsoft Visual Studio Solution File, Format Version 12.00
# Visual Studio 15
VisualStudioVersion = 15.0.26430.13
MinimumVisualStudioVersion = 10.0.40219.1
Project("{2150E333-8FDC-42A3-9474-1A3956D46DE8}") = ".nuget", ".nuget", "{DFA48E27-7D53-4955-A722-3D91A7119BE7}"
	ProjectSection(SolutionItems) = preProject
		.nuget\NuGet.Config = .nuget\NuGet.Config
		.nuget\NuGet.exe = .nuget\NuGet.exe
		.nuget\NuGet.targets = .nuget\NuGet.targets
	EndProjectSection
EndProject
Project("{FAE04EC0-301F-11D3-BF4B-00C04F79EFBC}") = "Cis.Mr.Core", "Cis.Mr.Core\Cis.Mr.Core.csproj", "{17298EA0-AF73-4F30-B6F1-2066100D7D74}"
EndProject
Project("{FAE04EC0-301F-11D3-BF4B-00C04F79EFBC}") = "Cis.Mr.Application", "Cis.Mr.Application\Cis.Mr.Application.csproj", "{EDF5D964-4C0F-4F19-B674-58A38A5E5401}"
EndProject
Project("{FAE04EC0-301F-11D3-BF4B-00C04F79EFBC}") = "Cis.Mr.EntityFramework", "Cis.Mr.EntityFramework\Cis.Mr.EntityFramework.csproj", "{3979F157-DEB0-4878-AB1D-4CEF6B5A1300}"
EndProject
Project("{FAE04EC0-301F-11D3-BF4B-00C04F79EFBC}") = "Cis.Mr.Web", "Cis.Mr.Web\Cis.Mr.Web.csproj", "{897F6FD8-6F90-48E4-95A5-B4429B896205}"
EndProject
Project("{FAE04EC0-301F-11D3-BF4B-00C04F79EFBC}") = "Cis.Mr.WebApi", "Cis.Mr.WebApi\Cis.Mr.WebApi.csproj", "{5EB52D3D-09FD-463A-B02A-8D9856BD3724}"
EndProject
Project("{2150E333-8FDC-42A3-9474-1A3956D46DE8}") = "Test", "Test", "{7E85C7E5-70BD-4C9D-B052-D95955F46609}"
EndProject
Project("{FAE04EC0-301F-11D3-BF4B-00C04F79EFBC}") = "Cis.Mr.Tests", "Tests\Cis.Mr.Tests\Cis.Mr.Tests.csproj", "{C602C47E-F379-40A3-A146-4F19105B3491}"
EndProject
Project("{2150E333-8FDC-42A3-9474-1A3956D46DE8}") = "Tools", "Tools", "{7408541C-F99C-4197-B203-136115BD1CB9}"
EndProject
Project("{FAE04EC0-301F-11D3-BF4B-00C04F79EFBC}") = "Cis.Mr.Migrator", "Tools\Cis.Mr.Migrator\Cis.Mr.Migrator.csproj", "{6F98C2F2-898A-421B-BE3D-68FE69EC0646}"
EndProject
Project("{2150E333-8FDC-42A3-9474-1A3956D46DE8}") = "Abp", "Abp", "{A3DF0FBD-FB11-4147-AC16-891451C95834}"
EndProject
Project("{2150E333-8FDC-42A3-9474-1A3956D46DE8}") = "AbpZero", "AbpZero", "{3EB9B578-58DA-421C-A48E-3961FCFF4BBA}"
EndProject
Project("{9A19103F-16F7-4668-BE54-9A1E7A4F7556}") = "Abp.Zero", "AbpZero\src\Abp.Zero\Abp.Zero.csproj", "{20FC8B13-17CE-4C02-9DA7-C2E8DBAD06AB}"
EndProject
Project("{9A19103F-16F7-4668-BE54-9A1E7A4F7556}") = "Abp.Zero.Common", "AbpZero\src\Abp.Zero.Common\Abp.Zero.Common.csproj", "{92EDAAD8-3C1D-4841-AB42-E8C8D5AEE704}"
EndProject
Project("{9A19103F-16F7-4668-BE54-9A1E7A4F7556}") = "Abp.Zero.EntityFramework", "AbpZero\src\Abp.Zero.EntityFramework\Abp.Zero.EntityFramework.csproj", "{6BC76B5F-A6F1-4D63-946E-DDAC02FE2CA8}"
EndProject
Project("{9A19103F-16F7-4668-BE54-9A1E7A4F7556}") = "Abp", "Abp\src\Abp\Abp.csproj", "{9B358D30-F088-4184-82C9-25CF9DD746E7}"
EndProject
Project("{9A19103F-16F7-4668-BE54-9A1E7A4F7556}") = "Abp.AutoMapper", "Abp\src\Abp.AutoMapper\Abp.AutoMapper.csproj", "{80A9A503-7984-48D6-BAB7-AF6D79FC1727}"
EndProject
Project("{9A19103F-16F7-4668-BE54-9A1E7A4F7556}") = "Abp.Castle.Log4Net", "Abp\src\Abp.Castle.Log4Net\Abp.Castle.Log4Net.csproj", "{B2A5B3C3-465F-4827-B1C3-419118DF62D6}"
EndProject
Project("{9A19103F-16F7-4668-BE54-9A1E7A4F7556}") = "Abp.Dapper", "Abp\src\Abp.Dapper\Abp.Dapper.csproj", "{CEB5FC6F-AD3F-4E36-8AA8-5B8CAD55DBB1}"
EndProject
Project("{9A19103F-16F7-4668-BE54-9A1E7A4F7556}") = "Abp.EntityFramework", "Abp\src\Abp.EntityFramework\Abp.EntityFramework.csproj", "{B0742E0C-7D89-4EE7-A035-9F30BB7F84CB}"
EndProject
Project("{9A19103F-16F7-4668-BE54-9A1E7A4F7556}") = "Abp.EntityFramework.Common", "Abp\src\Abp.EntityFramework.Common\Abp.EntityFramework.Common.csproj", "{C504C546-1535-444D-8C8E-80B598BDED56}"
EndProject
Project("{9A19103F-16F7-4668-BE54-9A1E7A4F7556}") = "Abp.HangFire", "Abp\src\Abp.HangFire\Abp.HangFire.csproj", "{CA809B0D-A081-4EF2-82F6-A77CFEA7361A}"
EndProject
Project("{9A19103F-16F7-4668-BE54-9A1E7A4F7556}") = "Abp.NHibernate", "Abp\src\Abp.NHibernate\Abp.NHibernate.csproj", "{26C2F329-4D11-4938-B387-7AEBD89229FD}"
EndProject
Project("{9A19103F-16F7-4668-BE54-9A1E7A4F7556}") = "Abp.Web", "Abp\src\Abp.Web\Abp.Web.csproj", "{56429446-3EFC-46A6-A874-D499B2AE2A71}"
EndProject
Project("{9A19103F-16F7-4668-BE54-9A1E7A4F7556}") = "Abp.Web.Api", "Abp\src\Abp.Web.Api\Abp.Web.Api.csproj", "{0F5ACB8E-0554-4407-AEE4-1D71EE951356}"
EndProject
Project("{9A19103F-16F7-4668-BE54-9A1E7A4F7556}") = "Abp.Web.Mvc", "Abp\src\Abp.Web.Mvc\Abp.Web.Mvc.csproj", "{D9F5B1DD-25DA-4643-B973-5D6975FE1A52}"
EndProject
Project("{9A19103F-16F7-4668-BE54-9A1E7A4F7556}") = "Abp.Web.SignalR", "Abp\src\Abp.Web.SignalR\Abp.Web.SignalR.csproj", "{92D5A0EA-739A-411E-8AAC-B65F979077F5}"
EndProject
Project("{9A19103F-16F7-4668-BE54-9A1E7A4F7556}") = "Abp.Web.Common", "Abp\src\Abp.Web.Common\Abp.Web.Common.csproj", "{04A86C37-A4F3-479E-9489-8DFB1E7388F2}"
EndProject
Project("{9A19103F-16F7-4668-BE54-9A1E7A4F7556}") = "Abp.Owin", "Abp\src\Abp.Owin\Abp.Owin.csproj", "{2F2ED656-4AE7-4611-A08E-512809E71064}"
EndProject
Global
	GlobalSection(SolutionConfigurationPlatforms) = preSolution
		Debug|Any CPU = Debug|Any CPU
		Release|Any CPU = Release|Any CPU
	EndGlobalSection
	GlobalSection(ProjectConfigurationPlatforms) = postSolution
		{17298EA0-AF73-4F30-B6F1-2066100D7D74}.Debug|Any CPU.ActiveCfg = Debug|Any CPU
		{17298EA0-AF73-4F30-B6F1-2066100D7D74}.Debug|Any CPU.Build.0 = Debug|Any CPU
		{17298EA0-AF73-4F30-B6F1-2066100D7D74}.Release|Any CPU.ActiveCfg = Release|Any CPU
		{17298EA0-AF73-4F30-B6F1-2066100D7D74}.Release|Any CPU.Build.0 = Release|Any CPU
		{EDF5D964-4C0F-4F19-B674-58A38A5E5401}.Debug|Any CPU.ActiveCfg = Debug|Any CPU
		{EDF5D964-4C0F-4F19-B674-58A38A5E5401}.Debug|Any CPU.Build.0 = Debug|Any CPU
		{EDF5D964-4C0F-4F19-B674-58A38A5E5401}.Release|Any CPU.ActiveCfg = Release|Any CPU
		{EDF5D964-4C0F-4F19-B674-58A38A5E5401}.Release|Any CPU.Build.0 = Release|Any CPU
		{3979F157-DEB0-4878-AB1D-4CEF6B5A1300}.Debug|Any CPU.ActiveCfg = Debug|Any CPU
		{3979F157-DEB0-4878-AB1D-4CEF6B5A1300}.Debug|Any CPU.Build.0 = Debug|Any CPU
		{3979F157-DEB0-4878-AB1D-4CEF6B5A1300}.Release|Any CPU.ActiveCfg = Release|Any CPU
		{3979F157-DEB0-4878-AB1D-4CEF6B5A1300}.Release|Any CPU.Build.0 = Release|Any CPU
		{897F6FD8-6F90-48E4-95A5-B4429B896205}.Debug|Any CPU.ActiveCfg = Debug|Any CPU
		{897F6FD8-6F90-48E4-95A5-B4429B896205}.Debug|Any CPU.Build.0 = Debug|Any CPU
		{897F6FD8-6F90-48E4-95A5-B4429B896205}.Release|Any CPU.ActiveCfg = Release|Any CPU
		{897F6FD8-6F90-48E4-95A5-B4429B896205}.Release|Any CPU.Build.0 = Release|Any CPU
		{5EB52D3D-09FD-463A-B02A-8D9856BD3724}.Debug|Any CPU.ActiveCfg = Debug|Any CPU
		{5EB52D3D-09FD-463A-B02A-8D9856BD3724}.Debug|Any CPU.Build.0 = Debug|Any CPU
		{5EB52D3D-09FD-463A-B02A-8D9856BD3724}.Release|Any CPU.ActiveCfg = Release|Any CPU
		{5EB52D3D-09FD-463A-B02A-8D9856BD3724}.Release|Any CPU.Build.0 = Release|Any CPU
		{C602C47E-F379-40A3-A146-4F19105B3491}.Debug|Any CPU.ActiveCfg = Debug|Any CPU
		{C602C47E-F379-40A3-A146-4F19105B3491}.Debug|Any CPU.Build.0 = Debug|Any CPU
		{C602C47E-F379-40A3-A146-4F19105B3491}.Release|Any CPU.ActiveCfg = Release|Any CPU
		{C602C47E-F379-40A3-A146-4F19105B3491}.Release|Any CPU.Build.0 = Release|Any CPU
		{6F98C2F2-898A-421B-BE3D-68FE69EC0646}.Debug|Any CPU.ActiveCfg = Debug|Any CPU
		{6F98C2F2-898A-421B-BE3D-68FE69EC0646}.Debug|Any CPU.Build.0 = Debug|Any CPU
		{6F98C2F2-898A-421B-BE3D-68FE69EC0646}.Release|Any CPU.ActiveCfg = Release|Any CPU
		{6F98C2F2-898A-421B-BE3D-68FE69EC0646}.Release|Any CPU.Build.0 = Release|Any CPU
		{20FC8B13-17CE-4C02-9DA7-C2E8DBAD06AB}.Debug|Any CPU.ActiveCfg = Debug|Any CPU
		{20FC8B13-17CE-4C02-9DA7-C2E8DBAD06AB}.Debug|Any CPU.Build.0 = Debug|Any CPU
		{20FC8B13-17CE-4C02-9DA7-C2E8DBAD06AB}.Release|Any CPU.ActiveCfg = Release|Any CPU
		{20FC8B13-17CE-4C02-9DA7-C2E8DBAD06AB}.Release|Any CPU.Build.0 = Release|Any CPU
		{92EDAAD8-3C1D-4841-AB42-E8C8D5AEE704}.Debug|Any CPU.ActiveCfg = Debug|Any CPU
		{92EDAAD8-3C1D-4841-AB42-E8C8D5AEE704}.Debug|Any CPU.Build.0 = Debug|Any CPU
		{92EDAAD8-3C1D-4841-AB42-E8C8D5AEE704}.Release|Any CPU.ActiveCfg = Release|Any CPU
		{92EDAAD8-3C1D-4841-AB42-E8C8D5AEE704}.Release|Any CPU.Build.0 = Release|Any CPU
		{6BC76B5F-A6F1-4D63-946E-DDAC02FE2CA8}.Debug|Any CPU.ActiveCfg = Debug|Any CPU
		{6BC76B5F-A6F1-4D63-946E-DDAC02FE2CA8}.Debug|Any CPU.Build.0 = Debug|Any CPU
		{6BC76B5F-A6F1-4D63-946E-DDAC02FE2CA8}.Release|Any CPU.ActiveCfg = Release|Any CPU
		{6BC76B5F-A6F1-4D63-946E-DDAC02FE2CA8}.Release|Any CPU.Build.0 = Release|Any CPU
		{9B358D30-F088-4184-82C9-25CF9DD746E7}.Debug|Any CPU.ActiveCfg = Debug|Any CPU
		{9B358D30-F088-4184-82C9-25CF9DD746E7}.Debug|Any CPU.Build.0 = Debug|Any CPU
		{9B358D30-F088-4184-82C9-25CF9DD746E7}.Release|Any CPU.ActiveCfg = Release|Any CPU
		{9B358D30-F088-4184-82C9-25CF9DD746E7}.Release|Any CPU.Build.0 = Release|Any CPU
		{80A9A503-7984-48D6-BAB7-AF6D79FC1727}.Debug|Any CPU.ActiveCfg = Debug|Any CPU
		{80A9A503-7984-48D6-BAB7-AF6D79FC1727}.Debug|Any CPU.Build.0 = Debug|Any CPU
		{80A9A503-7984-48D6-BAB7-AF6D79FC1727}.Release|Any CPU.ActiveCfg = Release|Any CPU
		{80A9A503-7984-48D6-BAB7-AF6D79FC1727}.Release|Any CPU.Build.0 = Release|Any CPU
		{B2A5B3C3-465F-4827-B1C3-419118DF62D6}.Debug|Any CPU.ActiveCfg = Debug|Any CPU
		{B2A5B3C3-465F-4827-B1C3-419118DF62D6}.Debug|Any CPU.Build.0 = Debug|Any CPU
		{B2A5B3C3-465F-4827-B1C3-419118DF62D6}.Release|Any CPU.ActiveCfg = Release|Any CPU
		{B2A5B3C3-465F-4827-B1C3-419118DF62D6}.Release|Any CPU.Build.0 = Release|Any CPU
		{CEB5FC6F-AD3F-4E36-8AA8-5B8CAD55DBB1}.Debug|Any CPU.ActiveCfg = Debug|Any CPU
		{CEB5FC6F-AD3F-4E36-8AA8-5B8CAD55DBB1}.Debug|Any CPU.Build.0 = Debug|Any CPU
		{CEB5FC6F-AD3F-4E36-8AA8-5B8CAD55DBB1}.Release|Any CPU.ActiveCfg = Release|Any CPU
		{CEB5FC6F-AD3F-4E36-8AA8-5B8CAD55DBB1}.Release|Any CPU.Build.0 = Release|Any CPU
		{B0742E0C-7D89-4EE7-A035-9F30BB7F84CB}.Debug|Any CPU.ActiveCfg = Debug|Any CPU
		{B0742E0C-7D89-4EE7-A035-9F30BB7F84CB}.Debug|Any CPU.Build.0 = Debug|Any CPU
		{B0742E0C-7D89-4EE7-A035-9F30BB7F84CB}.Release|Any CPU.ActiveCfg = Release|Any CPU
		{B0742E0C-7D89-4EE7-A035-9F30BB7F84CB}.Release|Any CPU.Build.0 = Release|Any CPU
		{C504C546-1535-444D-8C8E-80B598BDED56}.Debug|Any CPU.ActiveCfg = Debug|Any CPU
		{C504C546-1535-444D-8C8E-80B598BDED56}.Debug|Any CPU.Build.0 = Debug|Any CPU
		{C504C546-1535-444D-8C8E-80B598BDED56}.Release|Any CPU.ActiveCfg = Release|Any CPU
		{C504C546-1535-444D-8C8E-80B598BDED56}.Release|Any CPU.Build.0 = Release|Any CPU
		{CA809B0D-A081-4EF2-82F6-A77CFEA7361A}.Debug|Any CPU.ActiveCfg = Debug|Any CPU
		{CA809B0D-A081-4EF2-82F6-A77CFEA7361A}.Debug|Any CPU.Build.0 = Debug|Any CPU
		{CA809B0D-A081-4EF2-82F6-A77CFEA7361A}.Release|Any CPU.ActiveCfg = Release|Any CPU
		{CA809B0D-A081-4EF2-82F6-A77CFEA7361A}.Release|Any CPU.Build.0 = Release|Any CPU
		{26C2F329-4D11-4938-B387-7AEBD89229FD}.Debug|Any CPU.ActiveCfg = Debug|Any CPU
		{26C2F329-4D11-4938-B387-7AEBD89229FD}.Debug|Any CPU.Build.0 = Debug|Any CPU
		{26C2F329-4D11-4938-B387-7AEBD89229FD}.Release|Any CPU.ActiveCfg = Release|Any CPU
		{26C2F329-4D11-4938-B387-7AEBD89229FD}.Release|Any CPU.Build.0 = Release|Any CPU
		{56429446-3EFC-46A6-A874-D499B2AE2A71}.Debug|Any CPU.ActiveCfg = Debug|Any CPU
		{56429446-3EFC-46A6-A874-D499B2AE2A71}.Debug|Any CPU.Build.0 = Debug|Any CPU
		{56429446-3EFC-46A6-A874-D499B2AE2A71}.Release|Any CPU.ActiveCfg = Release|Any CPU
		{56429446-3EFC-46A6-A874-D499B2AE2A71}.Release|Any CPU.Build.0 = Release|Any CPU
		{0F5ACB8E-0554-4407-AEE4-1D71EE951356}.Debug|Any CPU.ActiveCfg = Debug|Any CPU
		{0F5ACB8E-0554-4407-AEE4-1D71EE951356}.Debug|Any CPU.Build.0 = Debug|Any CPU
		{0F5ACB8E-0554-4407-AEE4-1D71EE951356}.Release|Any CPU.ActiveCfg = Release|Any CPU
		{0F5ACB8E-0554-4407-AEE4-1D71EE951356}.Release|Any CPU.Build.0 = Release|Any CPU
		{D9F5B1DD-25DA-4643-B973-5D6975FE1A52}.Debug|Any CPU.ActiveCfg = Debug|Any CPU
		{D9F5B1DD-25DA-4643-B973-5D6975FE1A52}.Debug|Any CPU.Build.0 = Debug|Any CPU
		{D9F5B1DD-25DA-4643-B973-5D6975FE1A52}.Release|Any CPU.ActiveCfg = Release|Any CPU
		{D9F5B1DD-25DA-4643-B973-5D6975FE1A52}.Release|Any CPU.Build.0 = Release|Any CPU
		{92D5A0EA-739A-411E-8AAC-B65F979077F5}.Debug|Any CPU.ActiveCfg = Debug|Any CPU
		{92D5A0EA-739A-411E-8AAC-B65F979077F5}.Debug|Any CPU.Build.0 = Debug|Any CPU
		{92D5A0EA-739A-411E-8AAC-B65F979077F5}.Release|Any CPU.ActiveCfg = Release|Any CPU
		{92D5A0EA-739A-411E-8AAC-B65F979077F5}.Release|Any CPU.Build.0 = Release|Any CPU
		{04A86C37-A4F3-479E-9489-8DFB1E7388F2}.Debug|Any CPU.ActiveCfg = Debug|Any CPU
		{04A86C37-A4F3-479E-9489-8DFB1E7388F2}.Debug|Any CPU.Build.0 = Debug|Any CPU
		{04A86C37-A4F3-479E-9489-8DFB1E7388F2}.Release|Any CPU.ActiveCfg = Release|Any CPU
		{04A86C37-A4F3-479E-9489-8DFB1E7388F2}.Release|Any CPU.Build.0 = Release|Any CPU
		{2F2ED656-4AE7-4611-A08E-512809E71064}.Debug|Any CPU.ActiveCfg = Debug|Any CPU
		{2F2ED656-4AE7-4611-A08E-512809E71064}.Debug|Any CPU.Build.0 = Debug|Any CPU
		{2F2ED656-4AE7-4611-A08E-512809E71064}.Release|Any CPU.ActiveCfg = Release|Any CPU
		{2F2ED656-4AE7-4611-A08E-512809E71064}.Release|Any CPU.Build.0 = Release|Any CPU
	EndGlobalSection
	GlobalSection(SolutionProperties) = preSolution
		HideSolutionNode = FALSE
	EndGlobalSection
	GlobalSection(NestedProjects) = preSolution
		{C602C47E-F379-40A3-A146-4F19105B3491} = {7E85C7E5-70BD-4C9D-B052-D95955F46609}
		{6F98C2F2-898A-421B-BE3D-68FE69EC0646} = {7408541C-F99C-4197-B203-136115BD1CB9}
		{20FC8B13-17CE-4C02-9DA7-C2E8DBAD06AB} = {3EB9B578-58DA-421C-A48E-3961FCFF4BBA}
		{92EDAAD8-3C1D-4841-AB42-E8C8D5AEE704} = {3EB9B578-58DA-421C-A48E-3961FCFF4BBA}
		{6BC76B5F-A6F1-4D63-946E-DDAC02FE2CA8} = {3EB9B578-58DA-421C-A48E-3961FCFF4BBA}
		{9B358D30-F088-4184-82C9-25CF9DD746E7} = {A3DF0FBD-FB11-4147-AC16-891451C95834}
		{80A9A503-7984-48D6-BAB7-AF6D79FC1727} = {A3DF0FBD-FB11-4147-AC16-891451C95834}
		{B2A5B3C3-465F-4827-B1C3-419118DF62D6} = {A3DF0FBD-FB11-4147-AC16-891451C95834}
		{CEB5FC6F-AD3F-4E36-8AA8-5B8CAD55DBB1} = {A3DF0FBD-FB11-4147-AC16-891451C95834}
		{B0742E0C-7D89-4EE7-A035-9F30BB7F84CB} = {A3DF0FBD-FB11-4147-AC16-891451C95834}
		{C504C546-1535-444D-8C8E-80B598BDED56} = {A3DF0FBD-FB11-4147-AC16-891451C95834}
		{CA809B0D-A081-4EF2-82F6-A77CFEA7361A} = {A3DF0FBD-FB11-4147-AC16-891451C95834}
		{26C2F329-4D11-4938-B387-7AEBD89229FD} = {A3DF0FBD-FB11-4147-AC16-891451C95834}
		{56429446-3EFC-46A6-A874-D499B2AE2A71} = {A3DF0FBD-FB11-4147-AC16-891451C95834}
		{0F5ACB8E-0554-4407-AEE4-1D71EE951356} = {A3DF0FBD-FB11-4147-AC16-891451C95834}
		{D9F5B1DD-25DA-4643-B973-5D6975FE1A52} = {A3DF0FBD-FB11-4147-AC16-891451C95834}
		{92D5A0EA-739A-411E-8AAC-B65F979077F5} = {A3DF0FBD-FB11-4147-AC16-891451C95834}
		{04A86C37-A4F3-479E-9489-8DFB1E7388F2} = {A3DF0FBD-FB11-4147-AC16-891451C95834}
		{2F2ED656-4AE7-4611-A08E-512809E71064} = {A3DF0FBD-FB11-4147-AC16-891451C95834}
	EndGlobalSection
EndGlobal
